
Microsoft Visual Studio Solution File, Format Version 12.00
# Visual Studio Version 16
VisualStudioVersion = 16.0.31005.135
MinimumVisualStudioVersion = 10.0.40219.1
Project("{FAE04EC0-301F-11D3-BF4B-00C04F79EFBC}") = "Task_Two", "Task_Two\Task_Two.csproj", "{95CF5AF2-3B15-4DAE-AC1D-9771BC66B0A9}"
EndProject
Global
	GlobalSection(SolutionConfigurationPlatforms) = preSolution
		Debug|Any CPU = Debug|Any CPU
		Release|Any CPU = Release|Any CPU
	EndGlobalSection
	GlobalSection(ProjectConfigurationPlatforms) = postSolution
		{95CF5AF2-3B15-4DAE-AC1D-9771BC66B0A9}.Debug|Any CPU.ActiveCfg = Debug|Any CPU
		{95CF5AF2-3B15-4DAE-AC1D-9771BC66B0A9}.Debug|Any CPU.Build.0 = Debug|Any CPU
		{95CF5AF2-3B15-4DAE-AC1D-9771BC66B0A9}.Release|Any CPU.ActiveCfg = Release|Any CPU
		{95CF5AF2-3B15-4DAE-AC1D-9771BC66B0A9}.Release|Any CPU.Build.0 = Release|Any CPU
	EndGlobalSection
	GlobalSection(SolutionProperties) = preSolution
		HideSolutionNode = FALSE
	EndGlobalSection
	GlobalSection(ExtensibilityGlobals) = postSolution
		SolutionGuid = {3B96FCF9-8EE6-4CC3-8764-E76D45461ED6}
	EndGlobalSection
EndGlobal
